
Microsoft Visual Studio Solution File, Format Version 12.00
# Visual Studio 15
VisualStudioVersion = 15.0.27004.2005
MinimumVisualStudioVersion = 10.0.40219.1
Project("{FAE04EC0-301F-11D3-BF4B-00C04F79EFBC}") = "Lab1_Krysan", "Lab1_Krysan\Lab1_Krysan.csproj", "{896437C1-0423-4351-A920-EC28310947EF}"
EndProject
Global
	GlobalSection(SolutionConfigurationPlatforms) = preSolution
		Debug|Any CPU = Debug|Any CPU
		Release|Any CPU = Release|Any CPU
	EndGlobalSection
	GlobalSection(ProjectConfigurationPlatforms) = postSolution
		{896437C1-0423-4351-A920-EC28310947EF}.Debug|Any CPU.ActiveCfg = Debug|Any CPU
		{896437C1-0423-4351-A920-EC28310947EF}.Debug|Any CPU.Build.0 = Debug|Any CPU
		{896437C1-0423-4351-A920-EC28310947EF}.Release|Any CPU.ActiveCfg = Release|Any CPU
		{896437C1-0423-4351-A920-EC28310947EF}.Release|Any CPU.Build.0 = Release|Any CPU
	EndGlobalSection
	GlobalSection(SolutionProperties) = preSolution
		HideSolutionNode = FALSE
	EndGlobalSection
	GlobalSection(ExtensibilityGlobals) = postSolution
		SolutionGuid = {D2C61E47-50FF-449E-B666-5F6122049DE5}
	EndGlobalSection
EndGlobal
